Microsoft Visual Studio Solution File, Format Version 11.00
# Visual Studio 2008

Project("{8DA58C7E-FEF9-B745-1166-26199D4A2E47}") = "Home1", "Assembly-CSharp.csproj", "{E06A0283-67D2-0EE3-4ABE-8727459C40AB}"
EndProject
Project("{8DA58C7E-FEF9-B745-1166-26199D4A2E47}") = "Home1", "Assembly-CSharp-Editor.csproj", "{8D0FEF64-409C-C6D9-E09A-ACCD6D30B4C2}"
EndProject
Global
	GlobalSection(SolutionConfigurationPlatforms) = preSolution
		Debug|Any CPU = Debug|Any CPU
		Release|Any CPU = Release|Any CPU
	EndGlobalSection
	GlobalSection(ProjectConfigurationPlatforms) = postSolution
		{E06A0283-67D2-0EE3-4ABE-8727459C40AB}.Debug|Any CPU.ActiveCfg = Debug|Any CPU
		{E06A0283-67D2-0EE3-4ABE-8727459C40AB}.Debug|Any CPU.Build.0 = Debug|Any CPU
		{E06A0283-67D2-0EE3-4ABE-8727459C40AB}.Release|Any CPU.ActiveCfg = Release|Any CPU
		{E06A0283-67D2-0EE3-4ABE-8727459C40AB}.Release|Any CPU.Build.0 = Release|Any CPU
		{8D0FEF64-409C-C6D9-E09A-ACCD6D30B4C2}.Debug|Any CPU.ActiveCfg = Debug|Any CPU
		{8D0FEF64-409C-C6D9-E09A-ACCD6D30B4C2}.Debug|Any CPU.Build.0 = Debug|Any CPU
		{8D0FEF64-409C-C6D9-E09A-ACCD6D30B4C2}.Release|Any CPU.ActiveCfg = Release|Any CPU
		{8D0FEF64-409C-C6D9-E09A-ACCD6D30B4C2}.Release|Any CPU.Build.0 = Release|Any CPU
	EndGlobalSection
	GlobalSection(SolutionProperties) = preSolution
		HideSolutionNode = FALSE
	EndGlobalSection
	GlobalSection(MonoDevelopProperties) = preSolution
		StartupItem = Assembly-CSharp.csproj
	EndGlobalSection
EndGlobal
